// !$*UTF8*$!
{
	archiveVersion = 1;
	classes = {
	};
	objectVersion = 48;
	objects = {

/* Begin PBXBuildFile section */
		8EA8B7C91E2DA12D00623A6E /* AppDelegate.swift in Sources */ = {isa = PBXBuildFile; fileRef = 8EA8B7C81E2DA12D00623A6E /* AppDelegate.swift */; };
		8EA8B7CB1E2DA12D00623A6E /* ViewController.swift in Sources */ = {isa = PBXBuildFile; fileRef = 8EA8B7CA1E2DA12D00623A6E /* ViewController.swift */; };
		8EA8B7CE1E2DA12D00623A6E /* Main.storyboard in Resources */ = {isa = PBXBuildFile; fileRef = 8EA8B7CC1E2DA12D00623A6E /* Main.storyboard */; };
		8EA8B7D01E2DA12D00623A6E /* Assets.xcassets in Resources */ = {isa = PBXBuildFile; fileRef = 8EA8B7CF1E2DA12D00623A6E /* Assets.xcassets */; };
		8EA8B7D31E2DA12D00623A6E /* LaunchScreen.storyboard in Resources */ = {isa = PBXBuildFile; fileRef = 8EA8B7D11E2DA12D00623A6E /* LaunchScreen.storyboard */; };
		8EA8B7DE1E2DA12E00623A6E /* MeetingRoomsTests.swift in Sources */ = {isa = PBXBuildFile; fileRef = 8EA8B7DD1E2DA12E00623A6E /* MeetingRoomsTests.swift */; };
		8EA8B7E91E2DA12E00623A6E /* MeetingRoomsUITests.swift in Sources */ = {isa = PBXBuildFile; fileRef = 8EA8B7E81E2DA12E00623A6E /* MeetingRoomsUITests.swift */; };
/* End PBXBuildFile section */

/* Begin PBXContainerItemProxy section */
		8EA8B7DA1E2DA12E00623A6E /* PBXContainerItemProxy */ = {
			isa = PBXContainerItemProxy;
			containerPortal = 8EA8B7BD1E2DA12D00623A6E /* Project object */;
			proxyType = 1;
			remoteGlobalIDString = 8EA8B7C41E2DA12D00623A6E;
			remoteInfo = MeetingRooms;
		};
		8EA8B7E51E2DA12E00623A6E /* PBXContainerItemProxy */ = {
			isa = PBXContainerItemProxy;
			containerPortal = 8EA8B7BD1E2DA12D00623A6E /* Project object */;
			proxyType = 1;
			remoteGlobalIDString = 8EA8B7C41E2DA12D00623A6E;
			remoteInfo = MeetingRooms;
		};
/* End PBXContainerItemProxy section */

/* Begin PBXFileReference section */
		8EA8B7C51E2DA12D00623A6E /* MeetingRooms.app */ = {isa = PBXFileReference; explicitFileType = wrapper.application; includeInIndex = 0; path = MeetingRooms.app; sourceTree = BUILT_PRODUCTS_DIR; };
		8EA8B7C81E2DA12D00623A6E /* AppDelegate.swift */ = {isa = PBXFileReference; lastKnownFileType = sourcecode.swift; path = AppDelegate.swift; sourceTree = "<group>"; };
		8EA8B7CA1E2DA12D00623A6E /* ViewController.swift */ = {isa = PBXFileReference; lastKnownFileType = sourcecode.swift; path = ViewController.swift; sourceTree = "<group>"; };
		8EA8B7CD1E2DA12D00623A6E /* Base */ = {isa = PBXFileReference; lastKnownFileType = file.storyboard; name = Base; path = Base.lproj/Main.storyboard; sourceTree = "<group>"; };
		8EA8B7CF1E2DA12D00623A6E /* Assets.xcassets */ = {isa = PBXFileReference; lastKnownFileType = folder.assetcatalog; path = Assets.xcassets; sourceTree = "<group>"; };
		8EA8B7D21E2DA12D00623A6E /* Base */ = {isa = PBXFileReference; lastKnownFileType = file.storyboard; name = Base; path = Base.lproj/LaunchScreen.storyboard; sourceTree = "<group>"; };
		8EA8B7D41E2DA12D00623A6E /* Info.plist */ = {isa = PBXFileReference; lastKnownFileType = text.plist.xml; path = Info.plist; sourceTree = "<group>"; };
		8EA8B7D91E2DA12E00623A6E /* MeetingRoomsTests.xctest */ = {isa = PBXFileReference; explicitFileType = wrapper.cfbundle; includeInIndex = 0; path = MeetingRoomsTests.xctest; sourceTree = BUILT_PRODUCTS_DIR; };
		8EA8B7DD1E2DA12E00623A6E /* MeetingRoomsTests.swift */ = {isa = PBXFileReference; lastKnownFileType = sourcecode.swift; path = MeetingRoomsTests.swift; sourceTree = "<group>"; };
		8EA8B7DF1E2DA12E00623A6E /* Info.plist */ = {isa = PBXFileReference; lastKnownFileType = text.plist.xml; path = Info.plist; sourceTree = "<group>"; };
		8EA8B7E41E2DA12E00623A6E /* MeetingRoomsUITests.xctest */ = {isa = PBXFileReference; explicitFileType = wrapper.cfbundle; includeInIndex = 0; path = MeetingRoomsUITests.xctest; sourceTree = BUILT_PRODUCTS_DIR; };
		8EA8B7E81E2DA12E00623A6E /* MeetingRoomsUITests.swift */ = {isa = PBXFileReference; lastKnownFileType = sourcecode.swift; path = MeetingRoomsUITests.swift; sourceTree = "<group>"; };
		8EA8B7EA1E2DA12E00623A6E /* Info.plist */ = {isa = PBXFileReference; lastKnownFileType = text.plist.xml; path = Info.plist; sourceTree = "<group>"; };
/* End PBXFileReference section */

/* Begin PBXFrameworksBuildPhase section */
		8EA8B7C21E2DA12D00623A6E /* Frameworks */ = {
			isa = PBXFrameworksBuildPhase;
			buildActionMask = 2147483647;
			files = (
			);
			runOnlyForDeploymentPostprocessing = 0;
		};
		8EA8B7D61E2DA12E00623A6E /* Frameworks */ = {
			isa = PBXFrameworksBuildPhase;
			buildActionMask = 2147483647;
			files = (
			);
			runOnlyForDeploymentPostprocessing = 0;
		};
		8EA8B7E11E2DA12E00623A6E /* Frameworks */ = {
			isa = PBXFrameworksBuildPhase;
			buildActionMask = 2147483647;
			files = (
			);
			runOnlyForDeploymentPostprocessing = 0;
		};
/* End PBXFrameworksBuildPhase section */

/* Begin PBXGroup section */
		8EA8B7BC1E2DA12D00623A6E = {
			isa = PBXGroup;
			children = (
				8EA8B7C71E2DA12D00623A6E /* MeetingRooms */,
				8EA8B7DC1E2DA12E00623A6E /* MeetingRoomsTests */,
				8EA8B7E71E2DA12E00623A6E /* MeetingRoomsUITests */,
				8EA8B7C61E2DA12D00623A6E /* Products */,
			);
			sourceTree = "<group>";
		};
		8EA8B7C61E2DA12D00623A6E /* Products */ = {
			isa = PBXGroup;
			children = (
				8EA8B7C51E2DA12D00623A6E /* MeetingRooms.app */,
				8EA8B7D91E2DA12E00623A6E /* MeetingRoomsTests.xctest */,
				8EA8B7E41E2DA12E00623A6E /* MeetingRoomsUITests.xctest */,
			);
			name = Products;
			sourceTree = "<group>";
		};
		8EA8B7C71E2DA12D00623A6E /* MeetingRooms */ = {
			isa = PBXGroup;
			children = (
				8EA8B7C81E2DA12D00623A6E /* AppDelegate.swift */,
				8EA8B7CA1E2DA12D00623A6E /* ViewController.swift */,
				8EA8B7CC1E2DA12D00623A6E /* Main.storyboard */,
				8EA8B7CF1E2DA12D00623A6E /* Assets.xcassets */,
				8EA8B7D11E2DA12D00623A6E /* LaunchScreen.storyboard */,
				8EA8B7D41E2DA12D00623A6E /* Info.plist */,
			);
			path = MeetingRooms;
			sourceTree = "<group>";
		};
		8EA8B7DC1E2DA12E00623A6E /* MeetingRoomsTests */ = {
			isa = PBXGroup;
			children = (
				8EA8B7DD1E2DA12E00623A6E /* MeetingRoomsTests.swift */,
				8EA8B7DF1E2DA12E00623A6E /* Info.plist */,
			);
			path = MeetingRoomsTests;
			sourceTree = "<group>";
		};
		8EA8B7E71E2DA12E00623A6E /* MeetingRoomsUITests */ = {
			isa = PBXGroup;
			children = (
				8EA8B7E81E2DA12E00623A6E /* MeetingRoomsUITests.swift */,
				8EA8B7EA1E2DA12E00623A6E /* Info.plist */,
			);
			path = MeetingRoomsUITests;
			sourceTree = "<group>";
		};
/* End PBXGroup section */

/* Begin PBXNativeTarget section */
		8EA8B7C41E2DA12D00623A6E /* MeetingRooms */ = {
			isa = PBXNativeTarget;
			buildConfigurationList = 8EA8B7ED1E2DA12E00623A6E /* Build configuration list for PBXNativeTarget "MeetingRooms" */;
			buildPhases = (
				8EA8B7C11E2DA12D00623A6E /* Sources */,
				8EA8B7C21E2DA12D00623A6E /* Frameworks */,
				8EA8B7C31E2DA12D00623A6E /* Resources */,
			);
			buildRules = (
			);
			dependencies = (
			);
			name = MeetingRooms;
			productName = MeetingRooms;
			productReference = 8EA8B7C51E2DA12D00623A6E /* MeetingRooms.app */;
			productType = "com.apple.product-type.application";
		};
		8EA8B7D81E2DA12E00623A6E /* MeetingRoomsTests */ = {
			isa = PBXNativeTarget;
			buildConfigurationList = 8EA8B7F01E2DA12E00623A6E /* Build configuration list for PBXNativeTarget "MeetingRoomsTests" */;
			buildPhases = (
				8EA8B7D51E2DA12E00623A6E /* Sources */,
				8EA8B7D61E2DA12E00623A6E /* Frameworks */,
				8EA8B7D71E2DA12E00623A6E /* Resources */,
			);
			buildRules = (
			);
			dependencies = (
				8EA8B7DB1E2DA12E00623A6E /* PBXTargetDependency */,
			);
			name = MeetingRoomsTests;
			productName = MeetingRoomsTests;
			productReference = 8EA8B7D91E2DA12E00623A6E /* MeetingRoomsTests.xctest */;
			productType = "com.apple.product-type.bundle.unit-test";
		};
		8EA8B7E31E2DA12E00623A6E /* MeetingRoomsUITests */ = {
			isa = PBXNativeTarget;
			buildConfigurationList = 8EA8B7F31E2DA12E00623A6E /* Build configuration list for PBXNativeTarget "MeetingRoomsUITests" */;
			buildPhases = (
				8EA8B7E01E2DA12E00623A6E /* Sources */,
				8EA8B7E11E2DA12E00623A6E /* Frameworks */,
				8EA8B7E21E2DA12E00623A6E /* Resources */,
			);
			buildRules = (
			);
			dependencies = (
				8EA8B7E61E2DA12E00623A6E /* PBXTargetDependency */,
			);
			name = MeetingRoomsUITests;
			productName = MeetingRoomsUITests;
			productReference = 8EA8B7E41E2DA12E00623A6E /* MeetingRoomsUITests.xctest */;
			productType = "com.apple.product-type.bundle.ui-testing";
		};
/* End PBXNativeTarget section */

/* Begin PBXProject section */
		8EA8B7BD1E2DA12D00623A6E /* Project object */ = {
			isa = PBXProject;
			attributes = {
				LastSwiftUpdateCheck = 0820;
				LastUpgradeCheck = 0820;
				ORGANIZATIONNAME = "Seonho Kim";
				TargetAttributes = {
					8EA8B7C41E2DA12D00623A6E = {
						CreatedOnToolsVersion = 8.2.1;
						ProvisioningStyle = Automatic;
					};
					8EA8B7D81E2DA12E00623A6E = {
						CreatedOnToolsVersion = 8.2.1;
						ProvisioningStyle = Automatic;
						TestTargetID = 8EA8B7C41E2DA12D00623A6E;
					};
					8EA8B7E31E2DA12E00623A6E = {
						CreatedOnToolsVersion = 8.2.1;
						ProvisioningStyle = Automatic;
						TestTargetID = 8EA8B7C41E2DA12D00623A6E;
					};
				};
			};
			buildConfigurationList = 8EA8B7C01E2DA12D00623A6E /* Build configuration list for PBXProject "MeetingRooms" */;
			compatibilityVersion = "Xcode 8.0";
			developmentRegion = English;
			hasScannedForEncodings = 0;
			knownRegions = (
				en,
				Base,
			);
			mainGroup = 8EA8B7BC1E2DA12D00623A6E;
			productRefGroup = 8EA8B7C61E2DA12D00623A6E /* Products */;
			projectDirPath = "";
			projectRoot = "";
			targets = (
				8EA8B7C41E2DA12D00623A6E /* MeetingRooms */,
				8EA8B7D81E2DA12E00623A6E /* MeetingRoomsTests */,
				8EA8B7E31E2DA12E00623A6E /* MeetingRoomsUITests */,
			);
		};
/* End PBXProject section */

/* Begin PBXResourcesBuildPhase section */
		8EA8B7C31E2DA12D00623A6E /* Resources */ = {
			isa = PBXResourcesBuildPhase;
			buildActionMask = 2147483647;
			files = (
				8EA8B7D31E2DA12D00623A6E /* LaunchScreen.storyboard in Resources */,
				8EA8B7D01E2DA12D00623A6E /* Assets.xcassets in Resources */,
				8EA8B7CE1E2DA12D00623A6E /* Main.storyboard in Resources */,
			);
			runOnlyForDeploymentPostprocessing = 0;
		};
		8EA8B7D71E2DA12E00623A6E /* Resources */ = {
			isa = PBXResourcesBuildPhase;
			buildActionMask = 2147483647;
			files = (
			);
			runOnlyForDeploymentPostprocessing = 0;
		};
		8EA8B7E21E2DA12E00623A6E /* Resources */ = {
			isa = PBXResourcesBuildPhase;
			buildActionMask = 2147483647;
			files = (
			);
			runOnlyForDeploymentPostprocessing = 0;
		};
/* End PBXResourcesBuildPhase section */

/* Begin PBXSourcesBuildPhase section */
		8EA8B7C11E2DA12D00623A6E /* Sources */ = {
			isa = PBXSourcesBuildPhase;
			buildActionMask = 2147483647;
			files = (
				8EA8B7CB1E2DA12D00623A6E /* ViewController.swift in Sources */,
				8EA8B7C91E2DA12D00623A6E /* AppDelegate.swift in Sources */,
			);
			runOnlyForDeploymentPostprocessing = 0;
		};
		8EA8B7D51E2DA12E00623A6E /* Sources */ = {
			isa = PBXSourcesBuildPhase;
			buildActionMask = 2147483647;
			files = (
				8EA8B7DE1E2DA12E00623A6E /* MeetingRoomsTests.swift in Sources */,
			);
			runOnlyForDeploymentPostprocessing = 0;
		};
		8EA8B7E01E2DA12E00623A6E /* Sources */ = {
			isa = PBXSourcesBuildPhase;
			buildActionMask = 2147483647;
			files = (
				8EA8B7E91E2DA12E00623A6E /* MeetingRoomsUITests.swift in Sources */,
			);
			runOnlyForDeploymentPostprocessing = 0;
		};
/* End PBXSourcesBuildPhase section */

/* Begin PBXTargetDependency section */
		8EA8B7DB1E2DA12E00623A6E /* PBXTargetDependency */ = {
			isa = PBXTargetDependency;
			target = 8EA8B7C41E2DA12D00623A6E /* MeetingRooms */;
			targetProxy = 8EA8B7DA1E2DA12E00623A6E /* PBXContainerItemProxy */;
		};
		8EA8B7E61E2DA12E00623A6E /* PBXTargetDependency */ = {
			isa = PBXTargetDependency;
			target = 8EA8B7C41E2DA12D00623A6E /* MeetingRooms */;
			targetProxy = 8EA8B7E51E2DA12E00623A6E /* PBXContainerItemProxy */;
		};
/* End PBXTargetDependency section */

/* Begin PBXVariantGroup section */
		8EA8B7CC1E2DA12D00623A6E /* Main.storyboard */ = {
			isa = PBXVariantGroup;
			children = (
				8EA8B7CD1E2DA12D00623A6E /* Base */,
			);
			name = Main.storyboard;
			sourceTree = "<group>";
		};
		8EA8B7D11E2DA12D00623A6E /* LaunchScreen.storyboard */ = {
			isa = PBXVariantGroup;
			children = (
				8EA8B7D21E2DA12D00623A6E /* Base */,
			);
			name = LaunchScreen.storyboard;
			sourceTree = "<group>";
		};
/* End PBXVariantGroup section */

/* Begin XCBuildConfiguration section */
		8EA8B7EB1E2DA12E00623A6E /* Debug */ = {
			isa = XCBuildConfiguration;
			buildSettings = {
				ALWAYS_SEARCH_USER_PATHS = NO;
				CLANG_ANALYZER_NONNULL = YES;
				CLANG_CXX_LANGUAGE_STANDARD = "gnu++0x";
				CLANG_CXX_LIBRARY = "libc++";
				CLANG_ENABLE_MODULES = YES;
				CLANG_ENABLE_OBJC_ARC = YES;
				CLANG_WARN_BOOL_CONVERSION = YES;
				CLANG_WARN_CONSTANT_CONVERSION = YES;
				CLANG_WARN_DIRECT_OBJC_ISA_USAGE = YES_ERROR;
				CLANG_WARN_DOCUMENTATION_COMMENTS = YES;
				CLANG_WARN_EMPTY_BODY = YES;
				CLANG_WARN_ENUM_CONVERSION = YES;
				CLANG_WARN_INFINITE_RECURSION = YES;
				CLANG_WARN_INT_CONVERSION = YES;
				CLANG_WARN_OBJC_ROOT_CLASS = YES_ERROR;
				CLANG_WARN_SUSPICIOUS_MOVE = YES;
				CLANG_WARN_UNREACHABLE_CODE = YES;
				CLANG_WARN__DUPLICATE_METHOD_MATCH = YES;
				"CODE_SIGN_IDENTITY[sdk=iphoneos*]" = "iPhone Developer";
				COPY_PHASE_STRIP = NO;
				DEBUG_INFORMATION_FORMAT = dwarf;
				ENABLE_STRICT_OBJC_MSGSEND = YES;
				ENABLE_TESTABILITY = YES;
				GCC_C_LANGUAGE_STANDARD = gnu99;
				GCC_DYNAMIC_NO_PIC = NO;
				GCC_NO_COMMON_BLOCKS = YES;
				GCC_OPTIMIZATION_LEVEL = 0;
				GCC_PREPROCESSOR_DEFINITIONS = (
					"DEBUG=1",
					"$(inherited)",
				);
				GCC_WARN_64_TO_32_BIT_CONVERSION = YES;
				GCC_WARN_ABOUT_RETURN_TYPE = YES_ERROR;
				GCC_WARN_UNDECLARED_SELECTOR = YES;
				GCC_WARN_UNINITIALIZED_AUTOS = YES_AGGRESSIVE;
				GCC_WARN_UNUSED_FUNCTION = YES;
				GCC_WARN_UNUSED_VARIABLE = YES;
				IPHONEOS_DEPLOYMENT_TARGET = 10.2;
				MTL_ENABLE_DEBUG_INFO = YES;
				ONLY_ACTIVE_ARCH = YES;
				SDKROOT = iphoneos;
				SWIFT_ACTIVE_COMPILATION_CONDITIONS = DEBUG;
				SWIFT_OPTIMIZATION_LEVEL = "-Onone";
				TARGETED_DEVICE_FAMILY = "1,2";
			};
			name = Debug;
		};
		8EA8B7EC1E2DA12E00623A6E /* Release */ = {
			isa = XCBuildConfiguration;
			buildSettings = {
				ALWAYS_SEARCH_USER_PATHS = NO;
				CLANG_ANALYZER_NONNULL = YES;
				CLANG_CXX_LANGUAGE_STANDARD = "gnu++0x";
				CLANG_CXX_LIBRARY = "libc++";
				CLANG_ENABLE_MODULES = YES;
				CLANG_ENABLE_OBJC_ARC = YES;
				CLANG_WARN_BOOL_CONVERSION = YES;
				CLANG_WARN_CONSTANT_CONVERSION = YES;
				CLANG_WARN_DIRECT_OBJC_ISA_USAGE = YES_ERROR;
				CLANG_WARN_DOCUMENTATION_COMMENTS = YES;
				CLANG_WARN_EMPTY_BODY = YES;
				CLANG_WARN_ENUM_CONVERSION = YES;
				CLANG_WARN_INFINITE_RECURSION = YES;
				CLANG_WARN_INT_CONVERSION = YES;
				CLANG_WARN_OBJC_ROOT_CLASS = YES_ERROR;
				CLANG_WARN_SUSPICIOUS_MOVE = YES;
				CLANG_WARN_UNREACHABLE_CODE = YES;
				CLANG_WARN__DUPLICATE_METHOD_MATCH = YES;
				"CODE_SIGN_IDENTITY[sdk=iphoneos*]" = "iPhone Developer";
				COPY_PHASE_STRIP = NO;
				DEBUG_INFORMATION_FORMAT = "dwarf-with-dsym";
				ENABLE_NS_ASSERTIONS = NO;
				ENABLE_STRICT_OBJC_MSGSEND = YES;
				GCC_C_LANGUAGE_STANDARD = gnu99;
				GCC_NO_COMMON_BLOCKS = YES;
				GCC_WARN_64_TO_32_BIT_CONVERSION = YES;
				GCC_WARN_ABOUT_RETURN_TYPE = YES_ERROR;
				GCC_WARN_UNDECLARED_SELECTOR = YES;
				GCC_WARN_UNINITIALIZED_AUTOS = YES_AGGRESSIVE;
				GCC_WARN_UNUSED_FUNCTION = YES;
				GCC_WARN_UNUSED_VARIABLE = YES;
				IPHONEOS_DEPLOYMENT_TARGET = 10.2;
				MTL_ENABLE_DEBUG_INFO = NO;
				SDKROOT = iphoneos;
				SWIFT_OPTIMIZATION_LEVEL = "-Owholemodule";
				TARGETED_DEVICE_FAMILY = "1,2";
				VALIDATE_PRODUCT = YES;
			};
			name = Release;
		};
		8EA8B7EE1E2DA12E00623A6E /* Debug */ = {
			isa = XCBuildConfiguration;
			buildSettings = {
				ASSETCATALOG_COMPILER_APPICON_NAME = AppIcon;
				INFOPLIST_FILE = MeetingRooms/Info.plist;
				LD_RUNPATH_SEARCH_PATHS = "$(inherited) @executable_path/Frameworks";
				PRODUCT_BUNDLE_IDENTIFIER = test.MeetingRooms;
				PRODUCT_NAME = "$(TARGET_NAME)";
				SWIFT_VERSION = 3.0;
			};
			name = Debug;
		};
		8EA8B7EF1E2DA12E00623A6E /* Release */ = {
			isa = XCBuildConfiguration;
			buildSettings = {
				ASSETCATALOG_COMPILER_APPICON_NAME = AppIcon;
				INFOPLIST_FILE = MeetingRooms/Info.plist;
				LD_RUNPATH_SEARCH_PATHS = "$(inherited) @executable_path/Frameworks";
				PRODUCT_BUNDLE_IDENTIFIER = test.MeetingRooms;
				PRODUCT_NAME = "$(TARGET_NAME)";
				SWIFT_VERSION = 3.0;
			};
			name = Release;
		};
		8EA8B7F11E2DA12E00623A6E /* Debug */ = {
			isa = XCBuildConfiguration;
			buildSettings = {
				ALWAYS_EMBED_SWIFT_STANDARD_LIBRARIES = YES;
				BUNDLE_LOADER = "$(TEST_HOST)";
				INFOPLIST_FILE = MeetingRoomsTests/Info.plist;
				LD_RUNPATH_SEARCH_PATHS = "$(inherited) @executable_path/Frameworks @loader_path/Frameworks";
				PRODUCT_BUNDLE_IDENTIFIER = test.MeetingRoomsTests;
				PRODUCT_NAME = "$(TARGET_NAME)";
				SWIFT_VERSION = 3.0;
				TEST_HOST = "$(BUILT_PRODUCTS_DIR)/MeetingRooms.app/MeetingRooms";
			};
			name = Debug;
		};
		8EA8B7F21E2DA12E00623A6E /* Release */ = {
			isa = XCBuildConfiguration;
			buildSettings = {
				ALWAYS_EMBED_SWIFT_STANDARD_LIBRARIES = YES;
				BUNDLE_LOADER = "$(TEST_HOST)";
				INFOPLIST_FILE = MeetingRoomsTests/Info.plist;
				LD_RUNPATH_SEARCH_PATHS = "$(inherited) @executable_path/Frameworks @loader_path/Frameworks";
				PRODUCT_BUNDLE_IDENTIFIER = test.MeetingRoomsTests;
				PRODUCT_NAME = "$(TARGET_NAME)";
				SWIFT_VERSION = 3.0;
				TEST_HOST = "$(BUILT_PRODUCTS_DIR)/MeetingRooms.app/MeetingRooms";
			};
			name = Release;
		};
		8EA8B7F41E2DA12E00623A6E /* Debug */ = {
			isa = XCBuildConfiguration;
			buildSettings = {
				ALWAYS_EMBED_SWIFT_STANDARD_LIBRARIES = YES;
				INFOPLIST_FILE = MeetingRoomsUITests/Info.plist;
				LD_RUNPATH_SEARCH_PATHS = "$(inherited) @executable_path/Frameworks @loader_path/Frameworks";
				PRODUCT_BUNDLE_IDENTIFIER = test.MeetingRoomsUITests;
				PRODUCT_NAME = "$(TARGET_NAME)";
				SWIFT_VERSION = 3.0;
				TEST_TARGET_NAME = MeetingRooms;
			};
			name = Debug;
		};
		8EA8B7F51E2DA12E00623A6E /* Release */ = {
			isa = XCBuildConfiguration;
			buildSettings = {
				ALWAYS_EMBED_SWIFT_STANDARD_LIBRARIES = YES;
				INFOPLIST_FILE = MeetingRoomsUITests/Info.plist;
				LD_RUNPATH_SEARCH_PATHS = "$(inherited) @executable_path/Frameworks @loader_path/Frameworks";
				PRODUCT_BUNDLE_IDENTIFIER = test.MeetingRoomsUITests;
				PRODUCT_NAME = "$(TARGET_NAME)";
				SWIFT_VERSION = 3.0;
				TEST_TARGET_NAME = MeetingRooms;
			};
			name = Release;
		};
/* End XCBuildConfiguration section */

/* Begin XCConfigurationList section */
		8EA8B7C01E2DA12D00623A6E /* Build configuration list for PBXProject "MeetingRooms" */ = {
			isa = XCConfigurationList;
			buildConfigurations = (
				8EA8B7EB1E2DA12E00623A6E /* Debug */,
				8EA8B7EC1E2DA12E00623A6E /* Release */,
			);
			defaultConfigurationIsVisible = 0;
			defaultConfigurationName = Release;
		};
		8EA8B7ED1E2DA12E00623A6E /* Build configuration list for PBXNativeTarget "MeetingRooms" */ = {
			isa = XCConfigurationList;
			buildConfigurations = (
				8EA8B7EE1E2DA12E00623A6E /* Debug */,
				8EA8B7EF1E2DA12E00623A6E /* Release */,
			);
			defaultConfigurationIsVisible = 0;
			defaultConfigurationName = Release;
		};
		8EA8B7F01E2DA12E00623A6E /* Build configuration list for PBXNativeTarget "MeetingRoomsTests" */ = {
			isa = XCConfigurationList;
			buildConfigurations = (
				8EA8B7F11E2DA12E00623A6E /* Debug */,
				8EA8B7F21E2DA12E00623A6E /* Release */,
			);
			defaultConfigurationIsVisible = 0;
			defaultConfigurationName = Release;
		};
		8EA8B7F31E2DA12E00623A6E /* Build configuration list for PBXNativeTarget "MeetingRoomsUITests" */ = {
			isa = XCConfigurationList;
			buildConfigurations = (
				8EA8B7F41E2DA12E00623A6E /* Debug */,
				8EA8B7F51E2DA12E00623A6E /* Release */,
			);
			defaultConfigurationIsVisible = 0;
			defaultConfigurationName = Release;
		};
/* End XCConfigurationList section */
	};
	rootObject = 8EA8B7BD1E2DA12D00623A6E /* Project object */;
}
